
Microsoft Visual Studio Solution File, Format Version 12.00
# Visual Studio Version 17
VisualStudioVersion = 17.8.34330.188
MinimumVisualStudioVersion = 10.0.40219.1
Project("{FAE04EC0-301F-11D3-BF4B-00C04F79EFBC}") = "MuteButton", "MuteButton\MuteButton.csproj", "{12A77A9D-55AF-469C-81F9-81D276D0CC46}"
EndProject
Global
	GlobalSection(SolutionConfigurationPlatforms) = preSolution
		Debug|Any CPU = Debug|Any CPU
		Release|Any CPU = Release|Any CPU
	EndGlobalSection
	GlobalSection(ProjectConfigurationPlatforms) = postSolution
		{12A77A9D-55AF-469C-81F9-81D276D0CC46}.Debug|Any CPU.ActiveCfg = Debug|Any CPU
		{12A77A9D-55AF-469C-81F9-81D276D0CC46}.Debug|Any CPU.Build.0 = Debug|Any CPU
		{12A77A9D-55AF-469C-81F9-81D276D0CC46}.Release|Any CPU.ActiveCfg = Release|Any CPU
		{12A77A9D-55AF-469C-81F9-81D276D0CC46}.Release|Any CPU.Build.0 = Release|Any CPU
	EndGlobalSection
	GlobalSection(SolutionProperties) = preSolution
		HideSolutionNode = FALSE
	EndGlobalSection
	GlobalSection(ExtensibilityGlobals) = postSolution
		SolutionGuid = {8B306881-9D02-4875-85C8-14A1D9002EC2}
	EndGlobalSection
EndGlobal
